
Microsoft Visual Studio Solution File, Format Version 12.00
# Visual Studio Version 17
VisualStudioVersion = 17.7.34031.279
MinimumVisualStudioVersion = 10.0.40219.1
Project("{9A19103F-16F7-4668-BE54-9A1E7A4F7556}") = "LayoutMasterPage", "LayoutMasterPage.csproj", "{B9E11FC9-8CC5-4752-A728-6E87E822BF34}"
EndProject
Global
	GlobalSection(SolutionConfigurationPlatforms) = preSolution
		Debug|Any CPU = Debug|Any CPU
		Release|Any CPU = Release|Any CPU
	EndGlobalSection
	GlobalSection(ProjectConfigurationPlatforms) = postSolution
		{B9E11FC9-8CC5-4752-A728-6E87E822BF34}.Debug|Any CPU.ActiveCfg = Debug|Any CPU
		{B9E11FC9-8CC5-4752-A728-6E87E822BF34}.Debug|Any CPU.Build.0 = Debug|Any CPU
		{B9E11FC9-8CC5-4752-A728-6E87E822BF34}.Release|Any CPU.ActiveCfg = Release|Any CPU
		{B9E11FC9-8CC5-4752-A728-6E87E822BF34}.Release|Any CPU.Build.0 = Release|Any CPU
	EndGlobalSection
	GlobalSection(SolutionProperties) = preSolution
		HideSolutionNode = FALSE
	EndGlobalSection
	GlobalSection(ExtensibilityGlobals) = postSolution
		SolutionGuid = {DC937B3C-8DBF-481F-8421-963177FF4BB9}
	EndGlobalSection
EndGlobal
