
Microsoft Visual Studio Solution File, Format Version 12.00
# Visual Studio Version 17
VisualStudioVersion = 17.7.34031.279
MinimumVisualStudioVersion = 10.0.40219.1
Project("{FAE04EC0-301F-11D3-BF4B-00C04F79EFBC}") = "RazorPage", "RazorPage.csproj", "{43C9F440-7484-46A0-97FF-567D0FCB17C2}"
EndProject
Global
	GlobalSection(SolutionConfigurationPlatforms) = preSolution
		Debug|Any CPU = Debug|Any CPU
		Release|Any CPU = Release|Any CPU
	EndGlobalSection
	GlobalSection(ProjectConfigurationPlatforms) = postSolution
		{43C9F440-7484-46A0-97FF-567D0FCB17C2}.Debug|Any CPU.ActiveCfg = Debug|Any CPU
		{43C9F440-7484-46A0-97FF-567D0FCB17C2}.Debug|Any CPU.Build.0 = Debug|Any CPU
		{43C9F440-7484-46A0-97FF-567D0FCB17C2}.Release|Any CPU.ActiveCfg = Release|Any CPU
		{43C9F440-7484-46A0-97FF-567D0FCB17C2}.Release|Any CPU.Build.0 = Release|Any CPU
	EndGlobalSection
	GlobalSection(SolutionProperties) = preSolution
		HideSolutionNode = FALSE
	EndGlobalSection
	GlobalSection(ExtensibilityGlobals) = postSolution
		SolutionGuid = {BE07A667-644A-4DAD-B79F-2E561BD01E74}
	EndGlobalSection
EndGlobal
