
Microsoft Visual Studio Solution File, Format Version 12.00
# Visual Studio Version 17
VisualStudioVersion = 17.7.34031.279
MinimumVisualStudioVersion = 10.0.40219.1
Project("{FAE04EC0-301F-11D3-BF4B-00C04F79EFBC}") = "ConsumeWebAPi", "ConsumeWebAPi.csproj", "{A7B9536B-C1E7-4C41-8F4A-605FC3DF5AE4}"
EndProject
Global
	GlobalSection(SolutionConfigurationPlatforms) = preSolution
		Debug|Any CPU = Debug|Any CPU
		Release|Any CPU = Release|Any CPU
	EndGlobalSection
	GlobalSection(ProjectConfigurationPlatforms) = postSolution
		{A7B9536B-C1E7-4C41-8F4A-605FC3DF5AE4}.Debug|Any CPU.ActiveCfg = Debug|Any CPU
		{A7B9536B-C1E7-4C41-8F4A-605FC3DF5AE4}.Debug|Any CPU.Build.0 = Debug|Any CPU
		{A7B9536B-C1E7-4C41-8F4A-605FC3DF5AE4}.Release|Any CPU.ActiveCfg = Release|Any CPU
		{A7B9536B-C1E7-4C41-8F4A-605FC3DF5AE4}.Release|Any CPU.Build.0 = Release|Any CPU
	EndGlobalSection
	GlobalSection(SolutionProperties) = preSolution
		HideSolutionNode = FALSE
	EndGlobalSection
	GlobalSection(ExtensibilityGlobals) = postSolution
		SolutionGuid = {0D3C7A32-94ED-48D3-8044-E0D053CC2097}
	EndGlobalSection
EndGlobal
