
Microsoft Visual Studio Solution File, Format Version 12.00
# Visual Studio Version 17
VisualStudioVersion = 17.7.34031.279
MinimumVisualStudioVersion = 10.0.40219.1
Project("{FAE04EC0-301F-11D3-BF4B-00C04F79EFBC}") = "TagHelper", "TagHelper.csproj", "{F37C0A7F-7138-46B9-8CEA-A0A134EA80A2}"
EndProject
Global
	GlobalSection(SolutionConfigurationPlatforms) = preSolution
		Debug|Any CPU = Debug|Any CPU
		Release|Any CPU = Release|Any CPU
	EndGlobalSection
	GlobalSection(ProjectConfigurationPlatforms) = postSolution
		{F37C0A7F-7138-46B9-8CEA-A0A134EA80A2}.Debug|Any CPU.ActiveCfg = Debug|Any CPU
		{F37C0A7F-7138-46B9-8CEA-A0A134EA80A2}.Debug|Any CPU.Build.0 = Debug|Any CPU
		{F37C0A7F-7138-46B9-8CEA-A0A134EA80A2}.Release|Any CPU.ActiveCfg = Release|Any CPU
		{F37C0A7F-7138-46B9-8CEA-A0A134EA80A2}.Release|Any CPU.Build.0 = Release|Any CPU
	EndGlobalSection
	GlobalSection(SolutionProperties) = preSolution
		HideSolutionNode = FALSE
	EndGlobalSection
	GlobalSection(ExtensibilityGlobals) = postSolution
		SolutionGuid = {9CE2817D-FFCF-4206-92D5-79AD067FC4F4}
	EndGlobalSection
EndGlobal
