
Microsoft Visual Studio Solution File, Format Version 12.00
# Visual Studio Version 17
VisualStudioVersion = 17.7.34031.279
MinimumVisualStudioVersion = 10.0.40219.1
Project("{FAE04EC0-301F-11D3-BF4B-00C04F79EFBC}") = "StronglyTypePartialView", "StronglyTypePartialView.csproj", "{DB28A64E-FF38-42F4-BF93-39F72F8F2401}"
EndProject
Global
	GlobalSection(SolutionConfigurationPlatforms) = preSolution
		Debug|Any CPU = Debug|Any CPU
		Release|Any CPU = Release|Any CPU
	EndGlobalSection
	GlobalSection(ProjectConfigurationPlatforms) = postSolution
		{DB28A64E-FF38-42F4-BF93-39F72F8F2401}.Debug|Any CPU.ActiveCfg = Debug|Any CPU
		{DB28A64E-FF38-42F4-BF93-39F72F8F2401}.Debug|Any CPU.Build.0 = Debug|Any CPU
		{DB28A64E-FF38-42F4-BF93-39F72F8F2401}.Release|Any CPU.ActiveCfg = Release|Any CPU
		{DB28A64E-FF38-42F4-BF93-39F72F8F2401}.Release|Any CPU.Build.0 = Release|Any CPU
	EndGlobalSection
	GlobalSection(SolutionProperties) = preSolution
		HideSolutionNode = FALSE
	EndGlobalSection
	GlobalSection(ExtensibilityGlobals) = postSolution
		SolutionGuid = {573576DD-34EE-4915-906A-411EB5B95296}
	EndGlobalSection
EndGlobal
